
Microsoft Visual Studio Solution File, Format Version 12.00
# Visual Studio Version 16
VisualStudioVersion = 16.0.31321.278
MinimumVisualStudioVersion = 10.0.40219.1
Project("{FAE04EC0-301F-11D3-BF4B-00C04F79EFBC}") = "ConsoleApp1", "ConsoleApp1\ConsoleApp1.csproj", "{A03DA6EE-CEE1-4765-A273-01D07B46571C}"
EndProject
Global
	GlobalSection(SolutionConfigurationPlatforms) = preSolution
		Debug|Any CPU = Debug|Any CPU
		Release|Any CPU = Release|Any CPU
	EndGlobalSection
	GlobalSection(ProjectConfigurationPlatforms) = postSolution
		{A03DA6EE-CEE1-4765-A273-01D07B46571C}.Debug|Any CPU.ActiveCfg = Debug|Any CPU
		{A03DA6EE-CEE1-4765-A273-01D07B46571C}.Debug|Any CPU.Build.0 = Debug|Any CPU
		{A03DA6EE-CEE1-4765-A273-01D07B46571C}.Release|Any CPU.ActiveCfg = Release|Any CPU
		{A03DA6EE-CEE1-4765-A273-01D07B46571C}.Release|Any CPU.Build.0 = Release|Any CPU
	EndGlobalSection
	GlobalSection(SolutionProperties) = preSolution
		HideSolutionNode = FALSE
	EndGlobalSection
	GlobalSection(ExtensibilityGlobals) = postSolution
		SolutionGuid = {A89BCFB2-AFC7-4665-9FEC-2A2691DF7E58}
	EndGlobalSection
EndGlobal
